
Microsoft Visual Studio Solution File, Format Version 12.00
# Visual Studio Version 16
VisualStudioVersion = 16.0.30309.148
MinimumVisualStudioVersion = 10.0.40219.1
Project("{FAE04EC0-301F-11D3-BF4B-00C04F79EFBC}") = "WorkflowWeb", "WorkflowWeb\WorkflowWeb.csproj", "{D71A51D5-ED9E-428C-9C41-46C18D716039}"
EndProject
Global
	GlobalSection(SolutionConfigurationPlatforms) = preSolution
		Debug|Any CPU = Debug|Any CPU
		Release|Any CPU = Release|Any CPU
	EndGlobalSection
	GlobalSection(ProjectConfigurationPlatforms) = postSolution
		{D71A51D5-ED9E-428C-9C41-46C18D716039}.Debug|Any CPU.ActiveCfg = Debug|Any CPU
		{D71A51D5-ED9E-428C-9C41-46C18D716039}.Debug|Any CPU.Build.0 = Debug|Any CPU
		{D71A51D5-ED9E-428C-9C41-46C18D716039}.Release|Any CPU.ActiveCfg = Release|Any CPU
		{D71A51D5-ED9E-428C-9C41-46C18D716039}.Release|Any CPU.Build.0 = Release|Any CPU
	EndGlobalSection
	GlobalSection(SolutionProperties) = preSolution
		HideSolutionNode = FALSE
	EndGlobalSection
	GlobalSection(ExtensibilityGlobals) = postSolution
		SolutionGuid = {ADF7148A-110A-476A-852F-1E9331F0A6C3}
	EndGlobalSection
EndGlobal
